Microsoft Visual Studio Solution File, Format Version 12.00
# Visual Studio 15
VisualStudioVersion = 15.0.26124.0
MinimumVisualStudioVersion = 15.0.26124.0
Project("{2150E333-8FDC-42A3-9474-1A3956D46DE8}") = "src", "src", "{0FCC253C-D0A4-4C5B-8141-168822675C4B}"
EndProject
Project("{9A19103F-16F7-4668-BE54-9A1E7A4F7556}") = "RestCountries.Api", "src\RestCountries.Api\RestCountries.Api.csproj", "{5EE546F7-3202-453F-B8DB-DCB1E15A9D84}"
EndProject
Project("{2150E333-8FDC-42A3-9474-1A3956D46DE8}") = "test", "test", "{1F52301B-B7DA-4DE2-9319-9AF606445AA0}"
EndProject
Project("{9A19103F-16F7-4668-BE54-9A1E7A4F7556}") = "RestCountries.Api.Tests", "test\RestCountries.Api.Tests\RestCountries.Api.Tests.csproj", "{62A50E4A-8CC5-4127-9DD4-376D88C0BFA3}"
EndProject
Global
	GlobalSection(SolutionConfigurationPlatforms) = preSolution
		Debug|Any CPU = Debug|Any CPU
		Debug|x64 = Debug|x64
		Debug|x86 = Debug|x86
		Release|Any CPU = Release|Any CPU
		Release|x64 = Release|x64
		Release|x86 = Release|x86
	EndGlobalSection
	GlobalSection(ProjectConfigurationPlatforms) = postSolution
		{5EE546F7-3202-453F-B8DB-DCB1E15A9D84}.Debug|Any CPU.ActiveCfg = Debug|Any CPU
		{5EE546F7-3202-453F-B8DB-DCB1E15A9D84}.Debug|Any CPU.Build.0 = Debug|Any CPU
		{5EE546F7-3202-453F-B8DB-DCB1E15A9D84}.Debug|x64.ActiveCfg = Debug|Any CPU
		{5EE546F7-3202-453F-B8DB-DCB1E15A9D84}.Debug|x64.Build.0 = Debug|Any CPU
		{5EE546F7-3202-453F-B8DB-DCB1E15A9D84}.Debug|x86.ActiveCfg = Debug|Any CPU
		{5EE546F7-3202-453F-B8DB-DCB1E15A9D84}.Debug|x86.Build.0 = Debug|Any CPU
		{5EE546F7-3202-453F-B8DB-DCB1E15A9D84}.Release|Any CPU.ActiveCfg = Release|Any CPU
		{5EE546F7-3202-453F-B8DB-DCB1E15A9D84}.Release|Any CPU.Build.0 = Release|Any CPU
		{5EE546F7-3202-453F-B8DB-DCB1E15A9D84}.Release|x64.ActiveCfg = Release|Any CPU
		{5EE546F7-3202-453F-B8DB-DCB1E15A9D84}.Release|x64.Build.0 = Release|Any CPU
		{5EE546F7-3202-453F-B8DB-DCB1E15A9D84}.Release|x86.ActiveCfg = Release|Any CPU
		{5EE546F7-3202-453F-B8DB-DCB1E15A9D84}.Release|x86.Build.0 = Release|Any CPU
		{62A50E4A-8CC5-4127-9DD4-376D88C0BFA3}.Debug|Any CPU.ActiveCfg = Debug|Any CPU
		{62A50E4A-8CC5-4127-9DD4-376D88C0BFA3}.Debug|Any CPU.Build.0 = Debug|Any CPU
		{62A50E4A-8CC5-4127-9DD4-376D88C0BFA3}.Debug|x64.ActiveCfg = Debug|Any CPU
		{62A50E4A-8CC5-4127-9DD4-376D88C0BFA3}.Debug|x64.Build.0 = Debug|Any CPU
		{62A50E4A-8CC5-4127-9DD4-376D88C0BFA3}.Debug|x86.ActiveCfg = Debug|Any CPU
		{62A50E4A-8CC5-4127-9DD4-376D88C0BFA3}.Debug|x86.Build.0 = Debug|Any CPU
		{62A50E4A-8CC5-4127-9DD4-376D88C0BFA3}.Release|Any CPU.ActiveCfg = Release|Any CPU
		{62A50E4A-8CC5-4127-9DD4-376D88C0BFA3}.Release|Any CPU.Build.0 = Release|Any CPU
		{62A50E4A-8CC5-4127-9DD4-376D88C0BFA3}.Release|x64.ActiveCfg = Release|Any CPU
		{62A50E4A-8CC5-4127-9DD4-376D88C0BFA3}.Release|x64.Build.0 = Release|Any CPU
		{62A50E4A-8CC5-4127-9DD4-376D88C0BFA3}.Release|x86.ActiveCfg = Release|Any CPU
		{62A50E4A-8CC5-4127-9DD4-376D88C0BFA3}.Release|x86.Build.0 = Release|Any CPU
	EndGlobalSection
	GlobalSection(SolutionProperties) = preSolution
		HideSolutionNode = FALSE
	EndGlobalSection
	GlobalSection(NestedProjects) = preSolution
		{5EE546F7-3202-453F-B8DB-DCB1E15A9D84} = {0FCC253C-D0A4-4C5B-8141-168822675C4B}
		{62A50E4A-8CC5-4127-9DD4-376D88C0BFA3} = {1F52301B-B7DA-4DE2-9319-9AF606445AA0}
	EndGlobalSection
	GlobalSection(ExtensibilityGlobals) = postSolution
		SolutionGuid = {B8AB3701-D76D-4C1A-8668-F0BEC44472ED}
	EndGlobalSection
EndGlobal
